{
    "_readme": [
        "This file locks the dependencies of your project to a known state",
        "Read more about it at https://getcomposer.org/doc/01-basic-usage.md#composer-lock-the-lock-file",
        "This file is @generated automatically"
    ],
    "content-hash": "c9c8c8cd986cc13adbbfbc5f6999adf7",
    "packages": [
        {
            "name": "leafo/scssphp",
            "version": "v0.7.6",
            "source": {
                "type": "git",
                "url": "https://github.com/leafo/scssphp.git",
                "reference": "585f6ae84de62ffecf69c23805f25d78d7e4b794"
            },
            "dist": {
                "type": "zip",
                "url": "https://api.github.com/repos/leafo/scssphp/zipball/585f6ae84de62ffecf69c23805f25d78d7e4b794",
                "reference": "585f6ae84de62ffecf69c23805f25d78d7e4b794",
                "shasum": ""
            },
            "require": {
                "php": ">=5.4.0"
            },
            "require-dev": {
                "phpunit/phpunit": "~4.6",
                "squizlabs/php_codesniffer": "~2.5"
            },
            "bin": [
                "bin/pscss"
            ],
            "type": "library",
            "autoload": {
                "psr-4": {
                    "Leafo\\ScssPhp\\": "src/"
                }
            },
            "notification-url": "https://packagist.org/downloads/",
            "license": [
                "MIT"
            ],
            "authors": [
                {
                    "name": "Leaf Corcoran",
                    "email": "leafot@gmail.com",
                    "homepage": "http://leafo.net"
                }
            ],
            "description": "scssphp is a compiler for SCSS written in PHP.",
            "homepage": "http://leafo.github.io/scssphp/",
            "keywords": [
                "css",
                "less",
                "sass",
                "scss",
                "stylesheet"
            ],
            "time": "2018-05-24T02:18:53+00:00"
        },
        {
            "name": "matthiasmullie/minify",
            "version": "1.3.60",
            "source": {
                "type": "git",
                "url": "https://github.com/matthiasmullie/minify.git",
                "reference": "ab7fea80ce5ce6549baaf272bc8bd926a7e08f90"
            },
            "dist": {
                "type": "zip",
                "url": "https://api.github.com/repos/matthiasmullie/minify/zipball/ab7fea80ce5ce6549baaf272bc8bd926a7e08f90",
                "reference": "ab7fea80ce5ce6549baaf272bc8bd926a7e08f90",
                "shasum": ""
            },
            "require": {
                "ext-pcre": "*",
                "matthiasmullie/path-converter": "~1.1",
                "php": ">=5.3.0"
            },
            "require-dev": {
                "friendsofphp/php-cs-fixer": "~2.0",
                "matthiasmullie/scrapbook": "~1.0",
                "phpunit/phpunit": "~4.8"
            },
            "suggest": {
                "psr/cache-implementation": "Cache implementation to use with Minify::cache"
            },
            "bin": [
                "bin/minifycss",
                "bin/minifyjs"
            ],
            "type": "library",
            "autoload": {
                "psr-4": {
                    "MatthiasMullie\\Minify\\": "src/"
                }
            },
            "notification-url": "https://packagist.org/downloads/",
            "license": [
                "MIT"
            ],
            "authors": [
                {
                    "name": "Matthias Mullie",
                    "email": "minify@mullie.eu",
                    "homepage": "http://www.mullie.eu",
                    "role": "Developer"
                }
            ],
            "description": "CSS & JavaScript minifier, in PHP. Removes whitespace, strips comments, combines files (incl. @import statements and small assets in CSS files), and optimizes/shortens a few common programming patterns.",
            "homepage": "http://www.minifier.org",
            "keywords": [
                "JS",
                "css",
                "javascript",
                "minifier",
                "minify"
            ],
            "time": "2018-04-18T08:50:35+00:00"
        },
        {
            "name": "matthiasmullie/path-converter",
            "version": "1.1.1",
            "source": {
                "type": "git",
                "url": "https://github.com/matthiasmullie/path-converter.git",
                "reference": "3082a6838be02b930239a97d38b5c9da4d693aca"
            },
            "dist": {
                "type": "zip",
                "url": "https://api.github.com/repos/matthiasmullie/path-converter/zipball/3082a6838be02b930239a97d38b5c9da4d693aca",
                "reference": "3082a6838be02b930239a97d38b5c9da4d693aca",
                "shasum": ""
            },
            "require": {
                "ext-pcre": "*",
                "php": ">=5.3.0"
            },
            "require-dev": {
                "phpunit/phpunit": "~4.8"
            },
            "type": "library",
            "autoload": {
                "psr-4": {
                    "MatthiasMullie\\PathConverter\\": "src/"
                }
            },
            "notification-url": "https://packagist.org/downloads/",
            "license": [
                "MIT"
            ],
            "authors": [
                {
                    "name": "Matthias Mullie",
                    "email": "pathconverter@mullie.eu",
                    "homepage": "http://www.mullie.eu",
                    "role": "Developer"
                }
            ],
            "description": "Relative path converter",
            "homepage": "http://github.com/matthiasmullie/path-converter",
            "keywords": [
                "converter",
                "path",
                "paths",
                "relative"
            ],
            "time": "2018-02-02T11:30:10+00:00"
        },
        {
            "name": "oyejorge/less.php",
            "version": "v1.7.0.14",
            "source": {
                "type": "git",
                "url": "https://github.com/oyejorge/less.php.git",
                "reference": "42925c5a01a07d67ca7e82dfc8fb31814d557bc9"
            },
            "dist": {
                "type": "zip",
                "url": "https://api.github.com/repos/oyejorge/less.php/zipball/42925c5a01a07d67ca7e82dfc8fb31814d557bc9",
                "reference": "42925c5a01a07d67ca7e82dfc8fb31814d557bc9",
                "shasum": ""
            },
            "require": {
                "php": ">=5.3"
            },
            "require-dev": {
                "phpunit/phpunit": "~4.8.24"
            },
            "bin": [
                "bin/lessc"
            ],
            "type": "library",
            "autoload": {
                "psr-0": {
                    "Less": "lib/"
                },
                "classmap": [
                    "lessc.inc.php"
                ]
            },
            "notification-url": "https://packagist.org/downloads/",
            "license": [
                "Apache-2.0"
            ],
            "authors": [
                {
                    "name": "Matt Agar",
                    "homepage": "https://github.com/agar"
                },
                {
                    "name": "Martin Jantošovič",
                    "homepage": "https://github.com/Mordred"
                },
                {
                    "name": "Josh Schmidt",
                    "homepage": "https://github.com/oyejorge"
                }
            ],
            "description": "PHP port of the Javascript version of LESS http://lesscss.org (Originally maintained by Josh Schmidt)",
            "homepage": "http://lessphp.gpeasy.com",
            "keywords": [
                "css",
                "less",
                "less.js",
                "lesscss",
                "php",
                "stylesheet"
            ],
            "time": "2017-03-28T22:19:25+00:00"
        }
    ],
    "packages-dev": [],
    "aliases": [],
    "minimum-stability": "stable",
    "stability-flags": [],
    "prefer-stable": false,
    "prefer-lowest": false,
    "platform": [],
    "platform-dev": []
}
